
Microsoft Visual Studio Solution File, Format Version 12.00
Project("{2150E333-8FDC-42A3-9474-1A3956D46DE8}") = "src", "src", "{D242141A-72CE-4B07-AADE-CEE5CB4F8A34}"
EndProject
Project("{2150E333-8FDC-42A3-9474-1A3956D46DE8}") = "test", "test", "{6FF5C4E2-DEA1-4C52-9BDE-8F0030E61308}"
EndProject
Project("{FAE04EC0-301F-11D3-BF4B-00C04F79EFBC}") = "Bookify.Domain", "src\Bookify.Domain\Bookify.Domain.csproj", "{6C36D2A5-3EC9-47AF-9F27-66C03B5DC1E6}"
EndProject
Project("{FAE04EC0-301F-11D3-BF4B-00C04F79EFBC}") = "Bookify.Application", "src\Bookify.Application\Bookify.Application.csproj", "{6ABD353A-F556-4286-9FA8-FE89FCAAAD6F}"
EndProject
Project("{FAE04EC0-301F-11D3-BF4B-00C04F79EFBC}") = "Bookify.Infrastructure", "src\Bookify.Infrastructure\Bookify.Infrastructure.csproj", "{5AA64CE2-6A14-41ED-A363-4D87B2C5DE46}"
EndProject
Project("{FAE04EC0-301F-11D3-BF4B-00C04F79EFBC}") = "Bookify.Api", "src\Bookify.Api\Bookify.Api.csproj", "{B4A770F8-104B-4C97-B478-091F0196D37D}"
EndProject
Project("{2150E333-8FDC-42A3-9474-1A3956D46DE8}") = "Solution Items", "Solution Items", "{24A46BBF-F3D5-42E7-B957-3E1DA887DDC3}"
	ProjectSection(SolutionItems) = preProject
		docker-compose.yaml = docker-compose.yaml
	EndProjectSection
EndProject
Project("{FAE04EC0-301F-11D3-BF4B-00C04F79EFBC}") = "Bookify.Domain.UnitTests", "test\Bookify.Domain.UnitTests\Bookify.Domain.UnitTests.csproj", "{028DF78C-4E53-4CC1-A8F8-3DF144599147}"
EndProject
Project("{FAE04EC0-301F-11D3-BF4B-00C04F79EFBC}") = "Bookify.Application.UnitTests", "test\Bookify.Application.UnitTests\Bookify.Application.UnitTests.csproj", "{C21B7849-B9BB-4A8D-847E-D45F817F56C1}"
EndProject
Project("{FAE04EC0-301F-11D3-BF4B-00C04F79EFBC}") = "Bookify.Application.IntegrationTests", "test\Bookify.Application.IntegrationTests\Bookify.Application.IntegrationTests.csproj", "{E130F6BC-B7E8-428D-B401-6056365330AE}"
EndProject
Project("{FAE04EC0-301F-11D3-BF4B-00C04F79EFBC}") = "Bookify.Api.FunctionalTests", "test\Bookify.Api.FunctionalTests\Bookify.Api.FunctionalTests.csproj", "{21D69829-48F2-4D3A-88D9-5626B87C94F3}"
EndProject
Global
	GlobalSection(SolutionConfigurationPlatforms) = preSolution
		Debug|Any CPU = Debug|Any CPU
		Release|Any CPU = Release|Any CPU
	EndGlobalSection
	GlobalSection(NestedProjects) = preSolution
		{6C36D2A5-3EC9-47AF-9F27-66C03B5DC1E6} = {D242141A-72CE-4B07-AADE-CEE5CB4F8A34}
		{6ABD353A-F556-4286-9FA8-FE89FCAAAD6F} = {D242141A-72CE-4B07-AADE-CEE5CB4F8A34}
		{5AA64CE2-6A14-41ED-A363-4D87B2C5DE46} = {D242141A-72CE-4B07-AADE-CEE5CB4F8A34}
		{B4A770F8-104B-4C97-B478-091F0196D37D} = {D242141A-72CE-4B07-AADE-CEE5CB4F8A34}
		{028DF78C-4E53-4CC1-A8F8-3DF144599147} = {6FF5C4E2-DEA1-4C52-9BDE-8F0030E61308}
		{C21B7849-B9BB-4A8D-847E-D45F817F56C1} = {6FF5C4E2-DEA1-4C52-9BDE-8F0030E61308}
		{E130F6BC-B7E8-428D-B401-6056365330AE} = {6FF5C4E2-DEA1-4C52-9BDE-8F0030E61308}
	EndGlobalSection
	GlobalSection(ProjectConfigurationPlatforms) = postSolution
		{6C36D2A5-3EC9-47AF-9F27-66C03B5DC1E6}.Debug|Any CPU.ActiveCfg = Debug|Any CPU
		{6C36D2A5-3EC9-47AF-9F27-66C03B5DC1E6}.Debug|Any CPU.Build.0 = Debug|Any CPU
		{6C36D2A5-3EC9-47AF-9F27-66C03B5DC1E6}.Release|Any CPU.ActiveCfg = Release|Any CPU
		{6C36D2A5-3EC9-47AF-9F27-66C03B5DC1E6}.Release|Any CPU.Build.0 = Release|Any CPU
		{6ABD353A-F556-4286-9FA8-FE89FCAAAD6F}.Debug|Any CPU.ActiveCfg = Debug|Any CPU
		{6ABD353A-F556-4286-9FA8-FE89FCAAAD6F}.Debug|Any CPU.Build.0 = Debug|Any CPU
		{6ABD353A-F556-4286-9FA8-FE89FCAAAD6F}.Release|Any CPU.ActiveCfg = Release|Any CPU
		{6ABD353A-F556-4286-9FA8-FE89FCAAAD6F}.Release|Any CPU.Build.0 = Release|Any CPU
		{5AA64CE2-6A14-41ED-A363-4D87B2C5DE46}.Debug|Any CPU.ActiveCfg = Debug|Any CPU
		{5AA64CE2-6A14-41ED-A363-4D87B2C5DE46}.Debug|Any CPU.Build.0 = Debug|Any CPU
		{5AA64CE2-6A14-41ED-A363-4D87B2C5DE46}.Release|Any CPU.ActiveCfg = Release|Any CPU
		{5AA64CE2-6A14-41ED-A363-4D87B2C5DE46}.Release|Any CPU.Build.0 = Release|Any CPU
		{B4A770F8-104B-4C97-B478-091F0196D37D}.Debug|Any CPU.ActiveCfg = Debug|Any CPU
		{B4A770F8-104B-4C97-B478-091F0196D37D}.Debug|Any CPU.Build.0 = Debug|Any CPU
		{B4A770F8-104B-4C97-B478-091F0196D37D}.Release|Any CPU.ActiveCfg = Release|Any CPU
		{B4A770F8-104B-4C97-B478-091F0196D37D}.Release|Any CPU.Build.0 = Release|Any CPU
		{028DF78C-4E53-4CC1-A8F8-3DF144599147}.Debug|Any CPU.ActiveCfg = Debug|Any CPU
		{028DF78C-4E53-4CC1-A8F8-3DF144599147}.Debug|Any CPU.Build.0 = Debug|Any CPU
		{028DF78C-4E53-4CC1-A8F8-3DF144599147}.Release|Any CPU.ActiveCfg = Release|Any CPU
		{028DF78C-4E53-4CC1-A8F8-3DF144599147}.Release|Any CPU.Build.0 = Release|Any CPU
		{C21B7849-B9BB-4A8D-847E-D45F817F56C1}.Debug|Any CPU.ActiveCfg = Debug|Any CPU
		{C21B7849-B9BB-4A8D-847E-D45F817F56C1}.Debug|Any CPU.Build.0 = Debug|Any CPU
		{C21B7849-B9BB-4A8D-847E-D45F817F56C1}.Release|Any CPU.ActiveCfg = Release|Any CPU
		{C21B7849-B9BB-4A8D-847E-D45F817F56C1}.Release|Any CPU.Build.0 = Release|Any CPU
		{E130F6BC-B7E8-428D-B401-6056365330AE}.Debug|Any CPU.ActiveCfg = Debug|Any CPU
		{E130F6BC-B7E8-428D-B401-6056365330AE}.Debug|Any CPU.Build.0 = Debug|Any CPU
		{E130F6BC-B7E8-428D-B401-6056365330AE}.Release|Any CPU.ActiveCfg = Release|Any CPU
		{E130F6BC-B7E8-428D-B401-6056365330AE}.Release|Any CPU.Build.0 = Release|Any CPU
		{21D69829-48F2-4D3A-88D9-5626B87C94F3}.Debug|Any CPU.ActiveCfg = Debug|Any CPU
		{21D69829-48F2-4D3A-88D9-5626B87C94F3}.Debug|Any CPU.Build.0 = Debug|Any CPU
		{21D69829-48F2-4D3A-88D9-5626B87C94F3}.Release|Any CPU.ActiveCfg = Release|Any CPU
		{21D69829-48F2-4D3A-88D9-5626B87C94F3}.Release|Any CPU.Build.0 = Release|Any CPU
	EndGlobalSection
EndGlobal
