
Microsoft Visual Studio Solution File, Format Version 12.00
Project("{2150E333-8FDC-42A3-9474-1A3956D46DE8}") = "src", "src", "{D242141A-72CE-4B07-AADE-CEE5CB4F8A34}"
EndProject
Project("{2150E333-8FDC-42A3-9474-1A3956D46DE8}") = "test", "test", "{6FF5C4E2-DEA1-4C52-9BDE-8F0030E61308}"
EndProject
Project("{FAE04EC0-301F-11D3-BF4B-00C04F79EFBC}") = "Bookify.Domain", "src\Bookify.Domain\Bookify.Domain.csproj", "{6C36D2A5-3EC9-47AF-9F27-66C03B5DC1E6}"
EndProject
Project("{FAE04EC0-301F-11D3-BF4B-00C04F79EFBC}") = "Bookify.Application", "src\Bookify.Application\Bookify.Application.csproj", "{6ABD353A-F556-4286-9FA8-FE89FCAAAD6F}"
EndProject
Project("{FAE04EC0-301F-11D3-BF4B-00C04F79EFBC}") = "Bookify.Infrastructure", "src\Bookify.Infrastructure\Bookify.Infrastructure.csproj", "{5AA64CE2-6A14-41ED-A363-4D87B2C5DE46}"
EndProject
Project("{FAE04EC0-301F-11D3-BF4B-00C04F79EFBC}") = "Bookify.Api", "src\Bookify.Api\Bookify.Api.csproj", "{B4A770F8-104B-4C97-B478-091F0196D37D}"
EndProject
Project("{2150E333-8FDC-42A3-9474-1A3956D46DE8}") = "Solution Items", "Solution Items", "{24A46BBF-F3D5-42E7-B957-3E1DA887DDC3}"
	ProjectSection(SolutionItems) = preProject
		docker-compose.yaml = docker-compose.yaml
	EndProjectSection
EndProject
Global
	GlobalSection(SolutionConfigurationPlatforms) = preSolution
		Debug|Any CPU = Debug|Any CPU
		Release|Any CPU = Release|Any CPU
	EndGlobalSection
	GlobalSection(NestedProjects) = preSolution
		{6C36D2A5-3EC9-47AF-9F27-66C03B5DC1E6} = {D242141A-72CE-4B07-AADE-CEE5CB4F8A34}
		{6ABD353A-F556-4286-9FA8-FE89FCAAAD6F} = {D242141A-72CE-4B07-AADE-CEE5CB4F8A34}
		{5AA64CE2-6A14-41ED-A363-4D87B2C5DE46} = {D242141A-72CE-4B07-AADE-CEE5CB4F8A34}
		{B4A770F8-104B-4C97-B478-091F0196D37D} = {D242141A-72CE-4B07-AADE-CEE5CB4F8A34}
	EndGlobalSection
	GlobalSection(ProjectConfigurationPlatforms) = postSolution
		{6C36D2A5-3EC9-47AF-9F27-66C03B5DC1E6}.Debug|Any CPU.ActiveCfg = Debug|Any CPU
		{6C36D2A5-3EC9-47AF-9F27-66C03B5DC1E6}.Debug|Any CPU.Build.0 = Debug|Any CPU
		{6C36D2A5-3EC9-47AF-9F27-66C03B5DC1E6}.Release|Any CPU.ActiveCfg = Release|Any CPU
		{6C36D2A5-3EC9-47AF-9F27-66C03B5DC1E6}.Release|Any CPU.Build.0 = Release|Any CPU
		{6ABD353A-F556-4286-9FA8-FE89FCAAAD6F}.Debug|Any CPU.ActiveCfg = Debug|Any CPU
		{6ABD353A-F556-4286-9FA8-FE89FCAAAD6F}.Debug|Any CPU.Build.0 = Debug|Any CPU
		{6ABD353A-F556-4286-9FA8-FE89FCAAAD6F}.Release|Any CPU.ActiveCfg = Release|Any CPU
		{6ABD353A-F556-4286-9FA8-FE89FCAAAD6F}.Release|Any CPU.Build.0 = Release|Any CPU
		{5AA64CE2-6A14-41ED-A363-4D87B2C5DE46}.Debug|Any CPU.ActiveCfg = Debug|Any CPU
		{5AA64CE2-6A14-41ED-A363-4D87B2C5DE46}.Debug|Any CPU.Build.0 = Debug|Any CPU
		{5AA64CE2-6A14-41ED-A363-4D87B2C5DE46}.Release|Any CPU.ActiveCfg = Release|Any CPU
		{5AA64CE2-6A14-41ED-A363-4D87B2C5DE46}.Release|Any CPU.Build.0 = Release|Any CPU
		{B4A770F8-104B-4C97-B478-091F0196D37D}.Debug|Any CPU.ActiveCfg = Debug|Any CPU
		{B4A770F8-104B-4C97-B478-091F0196D37D}.Debug|Any CPU.Build.0 = Debug|Any CPU
		{B4A770F8-104B-4C97-B478-091F0196D37D}.Release|Any CPU.ActiveCfg = Release|Any CPU
		{B4A770F8-104B-4C97-B478-091F0196D37D}.Release|Any CPU.Build.0 = Release|Any CPU
	EndGlobalSection
EndGlobal
